// !$*UTF8*$!
{
	archiveVersion = 1;
	classes = {
	};
	objectVersion = 55;
	objects = {

/* Begin PBXBuildFile section */
		D81CF83B27A6254E00C19052 /* UIHelper.swift in Sources */ = {isa = PBXBuildFile; fileRef = D81CF83A27A6254E00C19052 /* UIHelper.swift */; };
		D87303F6279E373D006C45FF /* AppDelegate.swift in Sources */ = {isa = PBXBuildFile; fileRef = D87303F5279E373D006C45FF /* AppDelegate.swift */; };
		D87303F8279E373D006C45FF /* SceneDelegate.swift in Sources */ = {isa = PBXBuildFile; fileRef = D87303F7279E373D006C45FF /* SceneDelegate.swift */; };
		D87303FF279E3741006C45FF /* Assets.xcassets in Resources */ = {isa = PBXBuildFile; fileRef = D87303FE279E3741006C45FF /* Assets.xcassets */; };
		D8730402279E3741006C45FF /* LaunchScreen.storyboard in Resources */ = {isa = PBXBuildFile; fileRef = D8730400279E3741006C45FF /* LaunchScreen.storyboard */; };
		D873040C279E4060006C45FF /* SearchViewController.swift in Sources */ = {isa = PBXBuildFile; fileRef = D873040B279E4060006C45FF /* SearchViewController.swift */; };
		D873040E279E40AE006C45FF /* FavoritesListViewController.swift in Sources */ = {isa = PBXBuildFile; fileRef = D873040D279E40AE006C45FF /* FavoritesListViewController.swift */; };
		D8730410279E50EA006C45FF /* GFButton.swift in Sources */ = {isa = PBXBuildFile; fileRef = D873040F279E50EA006C45FF /* GFButton.swift */; };
		D8730412279E550F006C45FF /* GFTextField.swift in Sources */ = {isa = PBXBuildFile; fileRef = D8730411279E550F006C45FF /* GFTextField.swift */; };
		D8730414279E61C4006C45FF /* FollowerListViewController.swift in Sources */ = {isa = PBXBuildFile; fileRef = D8730413279E61C4006C45FF /* FollowerListViewController.swift */; };
		D8730416279F2AFF006C45FF /* GFTitleLabel.swift in Sources */ = {isa = PBXBuildFile; fileRef = D8730415279F2AFF006C45FF /* GFTitleLabel.swift */; };
		D8730418279F2EBE006C45FF /* GFBodyLabel.swift in Sources */ = {isa = PBXBuildFile; fileRef = D8730417279F2EBE006C45FF /* GFBodyLabel.swift */; };
		D873041A279F2FC0006C45FF /* GFAlertViewController.swift in Sources */ = {isa = PBXBuildFile; fileRef = D8730419279F2FC0006C45FF /* GFAlertViewController.swift */; };
		D873041C279F5A90006C45FF /* UIViewController+Ext.swift in Sources */ = {isa = PBXBuildFile; fileRef = D873041B279F5A90006C45FF /* UIViewController+Ext.swift */; };
		D8EBD530279FA4AC0035EDFB /* Follower.swift in Sources */ = {isa = PBXBuildFile; fileRef = D8EBD52F279FA4AC0035EDFB /* Follower.swift */; };
		D8EBD532279FA58A0035EDFB /* User.swift in Sources */ = {isa = PBXBuildFile; fileRef = D8EBD531279FA58A0035EDFB /* User.swift */; };
		D8EBD535279FBE960035EDFB /* NetworkManager.swift in Sources */ = {isa = PBXBuildFile; fileRef = D8EBD534279FBE960035EDFB /* NetworkManager.swift */; };
		D8EBD53827A1078D0035EDFB /* GFError.swift in Sources */ = {isa = PBXBuildFile; fileRef = D8EBD53727A1078D0035EDFB /* GFError.swift */; };
		D8EBD53B27A244DB0035EDFB /* FollowerCell.swift in Sources */ = {isa = PBXBuildFile; fileRef = D8EBD53A27A244DB0035EDFB /* FollowerCell.swift */; };
		D8EBD53D27A245470035EDFB /* GFAvatarImageView.swift in Sources */ = {isa = PBXBuildFile; fileRef = D8EBD53C27A245470035EDFB /* GFAvatarImageView.swift */; };
/* End PBXBuildFile section */

/* Begin PBXFileReference section */
		D81CF83A27A6254E00C19052 /* UIHelper.swift */ = {isa = PBXFileReference; lastKnownFileType = sourcecode.swift; path = UIHelper.swift; sourceTree = "<group>"; };
		D87303F2279E373D006C45FF /* GitHubFollowers.app */ = {isa = PBXFileReference; explicitFileType = wrapper.application; includeInIndex = 0; path = GitHubFollowers.app; sourceTree = BUILT_PRODUCTS_DIR; };
		D87303F5279E373D006C45FF /* AppDelegate.swift */ = {isa = PBXFileReference; lastKnownFileType = sourcecode.swift; path = AppDelegate.swift; sourceTree = "<group>"; };
		D87303F7279E373D006C45FF /* SceneDelegate.swift */ = {isa = PBXFileReference; lastKnownFileType = sourcecode.swift; path = SceneDelegate.swift; sourceTree = "<group>"; };
		D87303FE279E3741006C45FF /* Assets.xcassets */ = {isa = PBXFileReference; lastKnownFileType = folder.assetcatalog; path = Assets.xcassets; sourceTree = "<group>"; };
		D8730401279E3741006C45FF /* Base */ = {isa = PBXFileReference; lastKnownFileType = file.storyboard; name = Base; path = Base.lproj/LaunchScreen.storyboard; sourceTree = "<group>"; };
		D8730403279E3741006C45FF /* Info.plist */ = {isa = PBXFileReference; lastKnownFileType = text.plist.xml; path = Info.plist; sourceTree = "<group>"; };
		D873040B279E4060006C45FF /* SearchViewController.swift */ = {isa = PBXFileReference; lastKnownFileType = sourcecode.swift; path = SearchViewController.swift; sourceTree = "<group>"; };
		D873040D279E40AE006C45FF /* FavoritesListViewController.swift */ = {isa = PBXFileReference; lastKnownFileType = sourcecode.swift; path = FavoritesListViewController.swift; sourceTree = "<group>"; };
		D873040F279E50EA006C45FF /* GFButton.swift */ = {isa = PBXFileReference; lastKnownFileType = sourcecode.swift; path = GFButton.swift; sourceTree = "<group>"; };
		D8730411279E550F006C45FF /* GFTextField.swift */ = {isa = PBXFileReference; lastKnownFileType = sourcecode.swift; path = GFTextField.swift; sourceTree = "<group>"; };
		D8730413279E61C4006C45FF /* FollowerListViewController.swift */ = {isa = PBXFileReference; lastKnownFileType = sourcecode.swift; path = FollowerListViewController.swift; sourceTree = "<group>"; };
		D8730415279F2AFF006C45FF /* GFTitleLabel.swift */ = {isa = PBXFileReference; lastKnownFileType = sourcecode.swift; path = GFTitleLabel.swift; sourceTree = "<group>"; };
		D8730417279F2EBE006C45FF /* GFBodyLabel.swift */ = {isa = PBXFileReference; lastKnownFileType = sourcecode.swift; path = GFBodyLabel.swift; sourceTree = "<group>"; };
		D8730419279F2FC0006C45FF /* GFAlertViewController.swift */ = {isa = PBXFileReference; lastKnownFileType = sourcecode.swift; path = GFAlertViewController.swift; sourceTree = "<group>"; };
		D873041B279F5A90006C45FF /* UIViewController+Ext.swift */ = {isa = PBXFileReference; lastKnownFileType = sourcecode.swift; path = "UIViewController+Ext.swift"; sourceTree = "<group>"; };
		D8EBD52F279FA4AC0035EDFB /* Follower.swift */ = {isa = PBXFileReference; lastKnownFileType = sourcecode.swift; path = Follower.swift; sourceTree = "<group>"; };
		D8EBD531279FA58A0035EDFB /* User.swift */ = {isa = PBXFileReference; lastKnownFileType = sourcecode.swift; path = User.swift; sourceTree = "<group>"; };
		D8EBD534279FBE960035EDFB /* NetworkManager.swift */ = {isa = PBXFileReference; lastKnownFileType = sourcecode.swift; path = NetworkManager.swift; sourceTree = "<group>"; };
		D8EBD53727A1078D0035EDFB /* GFError.swift */ = {isa = PBXFileReference; lastKnownFileType = sourcecode.swift; path = GFError.swift; sourceTree = "<group>"; };
		D8EBD53A27A244DB0035EDFB /* FollowerCell.swift */ = {isa = PBXFileReference; lastKnownFileType = sourcecode.swift; path = FollowerCell.swift; sourceTree = "<group>"; };
		D8EBD53C27A245470035EDFB /* GFAvatarImageView.swift */ = {isa = PBXFileReference; lastKnownFileType = sourcecode.swift; path = GFAvatarImageView.swift; sourceTree = "<group>"; };
/* End PBXFileReference section */

/* Begin PBXFrameworksBuildPhase section */
		D87303EF279E373D006C45FF /* Frameworks */ = {
			isa = PBXFrameworksBuildPhase;
			buildActionMask = 2147483647;
			files = (
			);
			runOnlyForDeploymentPostprocessing = 0;
		};
/* End PBXFrameworksBuildPhase section */

/* Begin PBXGroup section */
		D87303E9279E373D006C45FF = {
			isa = PBXGroup;
			children = (
				D87303F4279E373D006C45FF /* GitHubFollowers */,
				D87303F3279E373D006C45FF /* Products */,
			);
			sourceTree = "<group>";
		};
		D87303F3279E373D006C45FF /* Products */ = {
			isa = PBXGroup;
			children = (
				D87303F2279E373D006C45FF /* GitHubFollowers.app */,
			);
			name = Products;
			sourceTree = "<group>";
		};
		D87303F4279E373D006C45FF /* GitHubFollowers */ = {
			isa = PBXGroup;
			children = (
				D8EBD53627A107820035EDFB /* Utilities */,
				D8EBD533279FBE8B0035EDFB /* Managers */,
				D8A785FD279F902C0095F522 /* Models */,
				D8A785FC279F750C0095F522 /* Supporting Files */,
				D8A785FB279F74870095F522 /* Views */,
				D8A785FA279F74560095F522 /* ViewControllers */,
			);
			path = GitHubFollowers;
			sourceTree = "<group>";
		};
		D8A785FA279F74560095F522 /* ViewControllers */ = {
			isa = PBXGroup;
			children = (
				D873040B279E4060006C45FF /* SearchViewController.swift */,
				D873040D279E40AE006C45FF /* FavoritesListViewController.swift */,
				D8730413279E61C4006C45FF /* FollowerListViewController.swift */,
				D8730419279F2FC0006C45FF /* GFAlertViewController.swift */,
				D873041B279F5A90006C45FF /* UIViewController+Ext.swift */,
			);
			path = ViewControllers;
			sourceTree = "<group>";
		};
		D8A785FB279F74870095F522 /* Views */ = {
			isa = PBXGroup;
			children = (
				D8EBD53927A244AA0035EDFB /* Cells */,
				D873040F279E50EA006C45FF /* GFButton.swift */,
				D8730411279E550F006C45FF /* GFTextField.swift */,
				D8730415279F2AFF006C45FF /* GFTitleLabel.swift */,
				D8730417279F2EBE006C45FF /* GFBodyLabel.swift */,
				D8EBD53C27A245470035EDFB /* GFAvatarImageView.swift */,
			);
			path = Views;
			sourceTree = "<group>";
		};
		D8A785FC279F750C0095F522 /* Supporting Files */ = {
			isa = PBXGroup;
			children = (
				D87303F5279E373D006C45FF /* AppDelegate.swift */,
				D87303F7279E373D006C45FF /* SceneDelegate.swift */,
				D87303FE279E3741006C45FF /* Assets.xcassets */,
				D8730400279E3741006C45FF /* LaunchScreen.storyboard */,
				D8730403279E3741006C45FF /* Info.plist */,
			);
			path = "Supporting Files";
			sourceTree = "<group>";
		};
		D8A785FD279F902C0095F522 /* Models */ = {
			isa = PBXGroup;
			children = (
				D8EBD52F279FA4AC0035EDFB /* Follower.swift */,
				D8EBD531279FA58A0035EDFB /* User.swift */,
			);
			path = Models;
			sourceTree = "<group>";
		};
		D8EBD533279FBE8B0035EDFB /* Managers */ = {
			isa = PBXGroup;
			children = (
				D8EBD534279FBE960035EDFB /* NetworkManager.swift */,
			);
			path = Managers;
			sourceTree = "<group>";
		};
		D8EBD53627A107820035EDFB /* Utilities */ = {
			isa = PBXGroup;
			children = (
				D8EBD53727A1078D0035EDFB /* GFError.swift */,
				D81CF83A27A6254E00C19052 /* UIHelper.swift */,
			);
			path = Utilities;
			sourceTree = "<group>";
		};
		D8EBD53927A244AA0035EDFB /* Cells */ = {
			isa = PBXGroup;
			children = (
				D8EBD53A27A244DB0035EDFB /* FollowerCell.swift */,
			);
			path = Cells;
			sourceTree = "<group>";
		};
/* End PBXGroup section */

/* Begin PBXNativeTarget section */
		D87303F1279E373D006C45FF /* GitHubFollowers */ = {
			isa = PBXNativeTarget;
			buildConfigurationList = D8730406279E3741006C45FF /* Build configuration list for PBXNativeTarget "GitHubFollowers" */;
			buildPhases = (
				D87303EE279E373D006C45FF /* Sources */,
				D87303EF279E373D006C45FF /* Frameworks */,
				D87303F0279E373D006C45FF /* Resources */,
			);
			buildRules = (
			);
			dependencies = (
			);
			name = GitHubFollowers;
			productName = GitHubFollowers;
			productReference = D87303F2279E373D006C45FF /* GitHubFollowers.app */;
			productType = "com.apple.product-type.application";
		};
/* End PBXNativeTarget section */

/* Begin PBXProject section */
		D87303EA279E373D006C45FF /* Project object */ = {
			isa = PBXProject;
			attributes = {
				BuildIndependentTargetsInParallel = 1;
				LastSwiftUpdateCheck = 1320;
				LastUpgradeCheck = 1320;
				TargetAttributes = {
					D87303F1279E373D006C45FF = {
						CreatedOnToolsVersion = 13.2.1;
					};
				};
			};
			buildConfigurationList = D87303ED279E373D006C45FF /* Build configuration list for PBXProject "GitHubFollowers" */;
			compatibilityVersion = "Xcode 13.0";
			developmentRegion = en;
			hasScannedForEncodings = 0;
			knownRegions = (
				en,
				Base,
			);
			mainGroup = D87303E9279E373D006C45FF;
			productRefGroup = D87303F3279E373D006C45FF /* Products */;
			projectDirPath = "";
			projectRoot = "";
			targets = (
				D87303F1279E373D006C45FF /* GitHubFollowers */,
			);
		};
/* End PBXProject section */

/* Begin PBXResourcesBuildPhase section */
		D87303F0279E373D006C45FF /* Resources */ = {
			isa = PBXResourcesBuildPhase;
			buildActionMask = 2147483647;
			files = (
				D8730402279E3741006C45FF /* LaunchScreen.storyboard in Resources */,
				D87303FF279E3741006C45FF /* Assets.xcassets in Resources */,
			);
			runOnlyForDeploymentPostprocessing = 0;
		};
/* End PBXResourcesBuildPhase section */

/* Begin PBXSourcesBuildPhase section */
		D87303EE279E373D006C45FF /* Sources */ = {
			isa = PBXSourcesBuildPhase;
			buildActionMask = 2147483647;
			files = (
				D8EBD532279FA58A0035EDFB /* User.swift in Sources */,
				D873041A279F2FC0006C45FF /* GFAlertViewController.swift in Sources */,
				D8730412279E550F006C45FF /* GFTextField.swift in Sources */,
				D873040C279E4060006C45FF /* SearchViewController.swift in Sources */,
				D873041C279F5A90006C45FF /* UIViewController+Ext.swift in Sources */,
				D81CF83B27A6254E00C19052 /* UIHelper.swift in Sources */,
				D8EBD53D27A245470035EDFB /* GFAvatarImageView.swift in Sources */,
				D8730410279E50EA006C45FF /* GFButton.swift in Sources */,
				D8730414279E61C4006C45FF /* FollowerListViewController.swift in Sources */,
				D8EBD53B27A244DB0035EDFB /* FollowerCell.swift in Sources */,
				D8EBD53827A1078D0035EDFB /* GFError.swift in Sources */,
				D8730418279F2EBE006C45FF /* GFBodyLabel.swift in Sources */,
				D8EBD530279FA4AC0035EDFB /* Follower.swift in Sources */,
				D8730416279F2AFF006C45FF /* GFTitleLabel.swift in Sources */,
				D8EBD535279FBE960035EDFB /* NetworkManager.swift in Sources */,
				D87303F6279E373D006C45FF /* AppDelegate.swift in Sources */,
				D873040E279E40AE006C45FF /* FavoritesListViewController.swift in Sources */,
				D87303F8279E373D006C45FF /* SceneDelegate.swift in Sources */,
			);
			runOnlyForDeploymentPostprocessing = 0;
		};
/* End PBXSourcesBuildPhase section */

/* Begin PBXVariantGroup section */
		D8730400279E3741006C45FF /* LaunchScreen.storyboard */ = {
			isa = PBXVariantGroup;
			children = (
				D8730401279E3741006C45FF /* Base */,
			);
			name = LaunchScreen.storyboard;
			sourceTree = "<group>";
		};
/* End PBXVariantGroup section */

/* Begin XCBuildConfiguration section */
		D8730404279E3741006C45FF /* Debug */ = {
			isa = XCBuildConfiguration;
			buildSettings = {
				ALWAYS_SEARCH_USER_PATHS = NO;
				CLANG_ANALYZER_NONNULL = YES;
				CLANG_ANALYZER_NUMBER_OBJECT_CONVERSION = YES_AGGRESSIVE;
				CLANG_CXX_LANGUAGE_STANDARD = "gnu++17";
				CLANG_CXX_LIBRARY = "libc++";
				CLANG_ENABLE_MODULES = YES;
				CLANG_ENABLE_OBJC_ARC = YES;
				CLANG_ENABLE_OBJC_WEAK = YES;
				CLANG_WARN_BLOCK_CAPTURE_AUTORELEASING = YES;
				CLANG_WARN_BOOL_CONVERSION = YES;
				CLANG_WARN_COMMA = YES;
				CLANG_WARN_CONSTANT_CONVERSION = YES;
				CLANG_WARN_DEPRECATED_OBJC_IMPLEMENTATIONS = YES;
				CLANG_WARN_DIRECT_OBJC_ISA_USAGE = YES_ERROR;
				CLANG_WARN_DOCUMENTATION_COMMENTS = YES;
				CLANG_WARN_EMPTY_BODY = YES;
				CLANG_WARN_ENUM_CONVERSION = YES;
				CLANG_WARN_INFINITE_RECURSION = YES;
				CLANG_WARN_INT_CONVERSION = YES;
				CLANG_WARN_NON_LITERAL_NULL_CONVERSION = YES;
				CLANG_WARN_OBJC_IMPLICIT_RETAIN_SELF = YES;
				CLANG_WARN_OBJC_LITERAL_CONVERSION = YES;
				CLANG_WARN_OBJC_ROOT_CLASS = YES_ERROR;
				CLANG_WARN_QUOTED_INCLUDE_IN_FRAMEWORK_HEADER = YES;
				CLANG_WARN_RANGE_LOOP_ANALYSIS = YES;
				CLANG_WARN_STRICT_PROTOTYPES = YES;
				CLANG_WARN_SUSPICIOUS_MOVE = YES;
				CLANG_WARN_UNGUARDED_AVAILABILITY = YES_AGGRESSIVE;
				CLANG_WARN_UNREACHABLE_CODE = YES;
				CLANG_WARN__DUPLICATE_METHOD_MATCH = YES;
				COPY_PHASE_STRIP = NO;
				DEBUG_INFORMATION_FORMAT = dwarf;
				ENABLE_STRICT_OBJC_MSGSEND = YES;
				ENABLE_TESTABILITY = YES;
				GCC_C_LANGUAGE_STANDARD = gnu11;
				GCC_DYNAMIC_NO_PIC = NO;
				GCC_NO_COMMON_BLOCKS = YES;
				GCC_OPTIMIZATION_LEVEL = 0;
				GCC_PREPROCESSOR_DEFINITIONS = (
					"DEBUG=1",
					"$(inherited)",
				);
				GCC_WARN_64_TO_32_BIT_CONVERSION = YES;
				GCC_WARN_ABOUT_RETURN_TYPE = YES_ERROR;
				GCC_WARN_UNDECLARED_SELECTOR = YES;
				GCC_WARN_UNINITIALIZED_AUTOS = YES_AGGRESSIVE;
				GCC_WARN_UNUSED_FUNCTION = YES;
				GCC_WARN_UNUSED_VARIABLE = YES;
				IPHONEOS_DEPLOYMENT_TARGET = 15.2;
				MTL_ENABLE_DEBUG_INFO = INCLUDE_SOURCE;
				MTL_FAST_MATH = YES;
				ONLY_ACTIVE_ARCH = YES;
				SDKROOT = iphoneos;
				SWIFT_ACTIVE_COMPILATION_CONDITIONS = DEBUG;
				SWIFT_OPTIMIZATION_LEVEL = "-Onone";
			};
			name = Debug;
		};
		D8730405279E3741006C45FF /* Release */ = {
			isa = XCBuildConfiguration;
			buildSettings = {
				ALWAYS_SEARCH_USER_PATHS = NO;
				CLANG_ANALYZER_NONNULL = YES;
				CLANG_ANALYZER_NUMBER_OBJECT_CONVERSION = YES_AGGRESSIVE;
				CLANG_CXX_LANGUAGE_STANDARD = "gnu++17";
				CLANG_CXX_LIBRARY = "libc++";
				CLANG_ENABLE_MODULES = YES;
				CLANG_ENABLE_OBJC_ARC = YES;
				CLANG_ENABLE_OBJC_WEAK = YES;
				CLANG_WARN_BLOCK_CAPTURE_AUTORELEASING = YES;
				CLANG_WARN_BOOL_CONVERSION = YES;
				CLANG_WARN_COMMA = YES;
				CLANG_WARN_CONSTANT_CONVERSION = YES;
				CLANG_WARN_DEPRECATED_OBJC_IMPLEMENTATIONS = YES;
				CLANG_WARN_DIRECT_OBJC_ISA_USAGE = YES_ERROR;
				CLANG_WARN_DOCUMENTATION_COMMENTS = YES;
				CLANG_WARN_EMPTY_BODY = YES;
				CLANG_WARN_ENUM_CONVERSION = YES;
				CLANG_WARN_INFINITE_RECURSION = YES;
				CLANG_WARN_INT_CONVERSION = YES;
				CLANG_WARN_NON_LITERAL_NULL_CONVERSION = YES;
				CLANG_WARN_OBJC_IMPLICIT_RETAIN_SELF = YES;
				CLANG_WARN_OBJC_LITERAL_CONVERSION = YES;
				CLANG_WARN_OBJC_ROOT_CLASS = YES_ERROR;
				CLANG_WARN_QUOTED_INCLUDE_IN_FRAMEWORK_HEADER = YES;
				CLANG_WARN_RANGE_LOOP_ANALYSIS = YES;
				CLANG_WARN_STRICT_PROTOTYPES = YES;
				CLANG_WARN_SUSPICIOUS_MOVE = YES;
				CLANG_WARN_UNGUARDED_AVAILABILITY = YES_AGGRESSIVE;
				CLANG_WARN_UNREACHABLE_CODE = YES;
				CLANG_WARN__DUPLICATE_METHOD_MATCH = YES;
				COPY_PHASE_STRIP = NO;
				DEBUG_INFORMATION_FORMAT = "dwarf-with-dsym";
				ENABLE_NS_ASSERTIONS = NO;
				ENABLE_STRICT_OBJC_MSGSEND = YES;
				GCC_C_LANGUAGE_STANDARD = gnu11;
				GCC_NO_COMMON_BLOCKS = YES;
				GCC_WARN_64_TO_32_BIT_CONVERSION = YES;
				GCC_WARN_ABOUT_RETURN_TYPE = YES_ERROR;
				GCC_WARN_UNDECLARED_SELECTOR = YES;
				GCC_WARN_UNINITIALIZED_AUTOS = YES_AGGRESSIVE;
				GCC_WARN_UNUSED_FUNCTION = YES;
				GCC_WARN_UNUSED_VARIABLE = YES;
				IPHONEOS_DEPLOYMENT_TARGET = 15.2;
				MTL_ENABLE_DEBUG_INFO = NO;
				MTL_FAST_MATH = YES;
				SDKROOT = iphoneos;
				SWIFT_COMPILATION_MODE = wholemodule;
				SWIFT_OPTIMIZATION_LEVEL = "-O";
				VALIDATE_PRODUCT = YES;
			};
			name = Release;
		};
		D8730407279E3741006C45FF /* Debug */ = {
			isa = XCBuildConfiguration;
			buildSettings = {
				ASSETCATALOG_COMPILER_APPICON_NAME = AppIcon;
				ASSETCATALOG_COMPILER_GLOBAL_ACCENT_COLOR_NAME = AccentColor;
				CODE_SIGN_STYLE = Automatic;
				CURRENT_PROJECT_VERSION = 1;
				DEVELOPMENT_TEAM = M73G528T92;
				GENERATE_INFOPLIST_FILE = YES;
				INFOPLIST_FILE = "GitHubFollowers/Supporting Files/Info.plist";
				INFOPLIST_KEY_UIApplicationSupportsIndirectInputEvents = YES;
				INFOPLIST_KEY_UILaunchStoryboardName = LaunchScreen;
				INFOPLIST_KEY_UISupportedInterfaceOrientations_iPad = "UIInterfaceOrientationPortrait UIInterfaceOrientationPortraitUpsideDown UIInterfaceOrientationLandscapeLeft UIInterfaceOrientationLandscapeRight";
				INFOPLIST_KEY_UISupportedInterfaceOrientations_iPhone = "UIInterfaceOrientationPortrait UIInterfaceOrientationLandscapeLeft UIInterfaceOrientationLandscapeRight";
				LD_RUNPATH_SEARCH_PATHS = (
					"$(inherited)",
					"@executable_path/Frameworks",
				);
				MARKETING_VERSION = 1.0;
				PRODUCT_BUNDLE_IDENTIFIER = com.soldadonieve.GitHubFollowers;
				PRODUCT_NAME = "$(TARGET_NAME)";
				SWIFT_EMIT_LOC_STRINGS = YES;
				SWIFT_VERSION = 5.0;
				TARGETED_DEVICE_FAMILY = "1,2";
			};
			name = Debug;
		};
		D8730408279E3741006C45FF /* Release */ = {
			isa = XCBuildConfiguration;
			buildSettings = {
				ASSETCATALOG_COMPILER_APPICON_NAME = AppIcon;
				ASSETCATALOG_COMPILER_GLOBAL_ACCENT_COLOR_NAME = AccentColor;
				CODE_SIGN_STYLE = Automatic;
				CURRENT_PROJECT_VERSION = 1;
				DEVELOPMENT_TEAM = M73G528T92;
				GENERATE_INFOPLIST_FILE = YES;
				INFOPLIST_FILE = "GitHubFollowers/Supporting Files/Info.plist";
				INFOPLIST_KEY_UIApplicationSupportsIndirectInputEvents = YES;
				INFOPLIST_KEY_UILaunchStoryboardName = LaunchScreen;
				INFOPLIST_KEY_UISupportedInterfaceOrientations_iPad = "UIInterfaceOrientationPortrait UIInterfaceOrientationPortraitUpsideDown UIInterfaceOrientationLandscapeLeft UIInterfaceOrientationLandscapeRight";
				INFOPLIST_KEY_UISupportedInterfaceOrientations_iPhone = "UIInterfaceOrientationPortrait UIInterfaceOrientationLandscapeLeft UIInterfaceOrientationLandscapeRight";
				LD_RUNPATH_SEARCH_PATHS = (
					"$(inherited)",
					"@executable_path/Frameworks",
				);
				MARKETING_VERSION = 1.0;
				PRODUCT_BUNDLE_IDENTIFIER = com.soldadonieve.GitHubFollowers;
				PRODUCT_NAME = "$(TARGET_NAME)";
				SWIFT_EMIT_LOC_STRINGS = YES;
				SWIFT_VERSION = 5.0;
				TARGETED_DEVICE_FAMILY = "1,2";
			};
			name = Release;
		};
/* End XCBuildConfiguration section */

/* Begin XCConfigurationList section */
		D87303ED279E373D006C45FF /* Build configuration list for PBXProject "GitHubFollowers" */ = {
			isa = XCConfigurationList;
			buildConfigurations = (
				D8730404279E3741006C45FF /* Debug */,
				D8730405279E3741006C45FF /* Release */,
			);
			defaultConfigurationIsVisible = 0;
			defaultConfigurationName = Release;
		};
		D8730406279E3741006C45FF /* Build configuration list for PBXNativeTarget "GitHubFollowers" */ = {
			isa = XCConfigurationList;
			buildConfigurations = (
				D8730407279E3741006C45FF /* Debug */,
				D8730408279E3741006C45FF /* Release */,
			);
			defaultConfigurationIsVisible = 0;
			defaultConfigurationName = Release;
		};
/* End XCConfigurationList section */
	};
	rootObject = D87303EA279E373D006C45FF /* Project object */;
}
